
Microsoft Visual Studio Solution File, Format Version 11.00
# Visual Studio 2010
Project("{FAE04EC0-301F-11D3-BF4B-00C04F79EFBC}") = "Optimization.Solver.GLPK", "Optimization.Solver.GLPKSolver\Optimization.Solver.GLPK.csproj", "{8DEC2581-64F2-444A-A68F-8C560A092C0F}"
EndProject
Project("{2150E333-8FDC-42A3-9474-1A3956D46DE8}") = ".nuget", ".nuget", "{6AD781F1-990F-41A8-AD36-32A6D77E71BF}"
EndProject
Global
	GlobalSection(SolutionConfigurationPlatforms) = preSolution
		Debug|Any CPU = Debug|Any CPU
		Release|Any CPU = Release|Any CPU
	EndGlobalSection
	GlobalSection(ProjectConfigurationPlatforms) = postSolution
		{8DEC2581-64F2-444A-A68F-8C560A092C0F}.Debug|Any CPU.ActiveCfg = Debug|Any CPU
		{8DEC2581-64F2-444A-A68F-8C560A092C0F}.Debug|Any CPU.Build.0 = Debug|Any CPU
		{8DEC2581-64F2-444A-A68F-8C560A092C0F}.Release|Any CPU.ActiveCfg = Release|Any CPU
		{8DEC2581-64F2-444A-A68F-8C560A092C0F}.Release|Any CPU.Build.0 = Release|Any CPU
	EndGlobalSection
	GlobalSection(SolutionProperties) = preSolution
		HideSolutionNode = FALSE
	EndGlobalSection
EndGlobal
